# This file is automatically @generated by Cargo.
# It is not intended for manual editing.
version = 3

[[package]]
name = "aho-corasick"
version = "1.1.2"
source = "registry+https://github.com/rust-lang/crates.io-index"
checksum = "b2969dcb958b36655471fc61f7e416fa76033bdd4bfed0678d8fee1e2d07a1f0"
dependencies = [
 "memchr",
]

[[package]]
name = "async-channel"
version = "2.2.0"
source = "registry+https://github.com/rust-lang/crates.io-index"
checksum = "f28243a43d821d11341ab73c80bed182dc015c514b951616cf79bd4af39af0c3"
dependencies = [
 "concurrent-queue",
 "event-listener",
 "event-listener-strategy",
 "futures-core",
 "pin-project-lite",
]

[[package]]
name = "bitflags"
version = "2.4.2"
source = "registry+https://github.com/rust-lang/crates.io-index"
checksum = "ed570934406eb16438a4e976b1b4500774099c13b8cb96eec99f620f05090ddf"

[[package]]
name = "concurrent-queue"
version = "2.4.0"
source = "registry+https://github.com/rust-lang/crates.io-index"
checksum = "d16048cd947b08fa32c24458a22f5dc5e835264f689f4f5653210c69fd107363"
dependencies = [
 "crossbeam-utils",
]

[[package]]
name = "crossbeam-utils"
version = "0.8.19"
source = "registry+https://github.com/rust-lang/crates.io-index"
checksum = "248e3bacc7dc6baa3b21e405ee045c3047101a49145e7e9eca583ab4c2ca5345"

[[package]]
name = "event-listener"
version = "5.0.0"
source = "registry+https://github.com/rust-lang/crates.io-index"
checksum = "b72557800024fabbaa2449dd4bf24e37b93702d457a4d4f2b0dd1f0f039f20c1"
dependencies = [
 "concurrent-queue",
 "parking",
 "pin-project-lite",
]

[[package]]
name = "event-listener-strategy"
version = "0.5.0"
source = "registry+https://github.com/rust-lang/crates.io-index"
checksum = "feedafcaa9b749175d5ac357452a9d41ea2911da598fde46ce1fe02c37751291"
dependencies = [
 "event-listener",
 "pin-project-lite",
]

[[package]]
name = "futures-core"
version = "0.3.30"
source = "registry+https://github.com/rust-lang/crates.io-index"
checksum = "dfc6580bb841c5a68e9ef15c77ccc837b40a7504914d52e47b8b0e9bbda25a1d"

[[package]]
name = "memchr"
version = "2.7.1"
source = "registry+https://github.com/rust-lang/crates.io-index"
checksum = "523dc4f511e55ab87b694dc30d0f820d60906ef06413f93d4d7a1385599cc149"

[[package]]
name = "parking"
version = "2.2.0"
source = "registry+https://github.com/rust-lang/crates.io-index"
checksum = "bb813b8af86854136c6922af0598d719255ecb2179515e6e7730d468f05c9cae"

[[package]]
name = "pin-project-lite"
version = "0.2.13"
source = "registry+https://github.com/rust-lang/crates.io-index"
checksum = "8afb450f006bf6385ca15ef45d71d2288452bc3683ce2e2cacc0d18e4be60b58"

[[package]]
name = "regex"
version = "1.10.3"
source = "registry+https://github.com/rust-lang/crates.io-index"
checksum = "b62dbe01f0b06f9d8dc7d49e05a0785f153b00b2c227856282f671e0318c9b15"
dependencies = [
 "aho-corasick",
 "memchr",
 "regex-automata",
 "regex-syntax",
]

[[package]]
name = "regex-automata"
version = "0.4.5"
source = "registry+https://github.com/rust-lang/crates.io-index"
checksum = "5bb987efffd3c6d0d8f5f89510bb458559eab11e4f869acb20bf845e016259cd"
dependencies = [
 "aho-corasick",
 "memchr",
 "regex-syntax",
]

[[package]]
name = "regex-syntax"
version = "0.8.2"
source = "registry+https://github.com/rust-lang/crates.io-index"
checksum = "c08c74e62047bb2de4ff487b251e4a92e24f48745648451635cec7d591162d9f"

[[package]]
name = "rwatcher"
version = "0.1.0"
dependencies = [
 "async-channel",
 "bitflags",
 "regex",
 "thread_pool",
]

[[package]]
name = "thread_pool"
version = "0.1.0"
